
Microsoft Visual Studio Solution File, Format Version 12.00
# Visual Studio Version 17
VisualStudioVersion = 17.9.34728.123
MinimumVisualStudioVersion = 10.0.40219.1
Project("{9A19103F-16F7-4668-BE54-9A1E7A4F7556}") = "PostWall.API", "PostWall.API\PostWall.API.csproj", "{F5548F76-C0A2-46C4-AFA4-A1977A09D4C0}"
EndProject
Project("{9A19103F-16F7-4668-BE54-9A1E7A4F7556}") = "PostWall.Tests", "PostWall.Tests\PostWall.Tests.csproj", "{1B0E7C97-39EB-4D21-B71E-6EF4C81F1438}"
EndProject
Global
	GlobalSection(SolutionConfigurationPlatforms) = preSolution
		Debug|Any CPU = Debug|Any CPU
		Release|Any CPU = Release|Any CPU
	EndGlobalSection
	GlobalSection(ProjectConfigurationPlatforms) = postSolution
		{F5548F76-C0A2-46C4-AFA4-A1977A09D4C0}.Debug|Any CPU.ActiveCfg = Debug|Any CPU
		{F5548F76-C0A2-46C4-AFA4-A1977A09D4C0}.Debug|Any CPU.Build.0 = Debug|Any CPU
		{F5548F76-C0A2-46C4-AFA4-A1977A09D4C0}.Release|Any CPU.ActiveCfg = Release|Any CPU
		{F5548F76-C0A2-46C4-AFA4-A1977A09D4C0}.Release|Any CPU.Build.0 = Release|Any CPU
		{1B0E7C97-39EB-4D21-B71E-6EF4C81F1438}.Debug|Any CPU.ActiveCfg = Debug|Any CPU
		{1B0E7C97-39EB-4D21-B71E-6EF4C81F1438}.Debug|Any CPU.Build.0 = Debug|Any CPU
		{1B0E7C97-39EB-4D21-B71E-6EF4C81F1438}.Release|Any CPU.ActiveCfg = Release|Any CPU
		{1B0E7C97-39EB-4D21-B71E-6EF4C81F1438}.Release|Any CPU.Build.0 = Release|Any CPU
	EndGlobalSection
	GlobalSection(SolutionProperties) = preSolution
		HideSolutionNode = FALSE
	EndGlobalSection
	GlobalSection(ExtensibilityGlobals) = postSolution
		SolutionGuid = {E0F95168-EC70-4F2C-8759-2AFCCA97FBDD}
	EndGlobalSection
EndGlobal
